{
  "nodes": {
    "diffsoup": {
      "inputs": {
        "flakelight": "flakelight",
        "nixpkgs": [
          "nixpkgs"
        ]
      },
      "locked": {
        "lastModified": 1781103346,
        "narHash": "sha256-Y4vlQXCCZinKT7qRg/o7iGsS3wNOVnKAn0YwLL69hTs=",
        "owner": "junglerobba",
        "repo": "diffsoup",
        "rev": "0d93cd130654493b0d0524393bdca00afd180266",
        "type": "github"
      },
      "original": {
        "owner": "junglerobba",
        "repo": "diffsoup",
        "type": "github"
      }
    },
    "flakelight": {
      "inputs": {
        "nixpkgs": [
          "diffsoup",
          "nixpkgs"
        ]
      },
      "locked": {
        "lastModified": 1774878311,
        "narHash": "sha256-Ou5sDaR9GydAbxJYY50fqaFYYQCwUMOwSOdTBcgy47g=",
        "owner": "nix-community",
        "repo": "flakelight",
        "rev": "06ee2d1a00324727c75f1c279c4ede0d871d110d",
        "type": "github"
      },
      "original": {
        "owner": "nix-community",
        "repo": "flakelight",
        "type": "github"
      }
    },
    "nixpkgs": {
      "locked": {
        "lastModified": 1781074563,
        "narHash": "sha256-md8WlXOlfnIeHeOScMTTHFyf2d6iaTwPl2apR5EQ3P4=",
        "owner": "NixOS",
        "repo": "nixpkgs",
        "rev": "9ae611a455b90cf061d8f332b977e387bda8e1ca",
        "type": "github"
      },
      "original": {
        "owner": "NixOS",
        "ref": "nixos-unstable",
        "repo": "nixpkgs",
        "type": "github"
      }
    },
    "root": {
      "inputs": {
        "diffsoup": "diffsoup",
        "nixpkgs": "nixpkgs"
      }
    }
  },
  "root": "root",
  "version": 7
}
