{
  "nodes": {
    "diffsoup": {
      "inputs": {
        "flakelight": "flakelight",
        "nixpkgs": [
          "nixpkgs"
        ]
      },
      "locked": {
        "lastModified": 1781103346,
        "narHash": "sha256-Y4vlQXCCZinKT7qRg/o7iGsS3wNOVnKAn0YwLL69hTs=",
        "owner": "junglerobba",
        "repo": "diffsoup",
        "rev": "0d93cd130654493b0d0524393bdca00afd180266",
        "type": "github"
      },
      "original": {
        "owner": "junglerobba",
        "repo": "diffsoup",
        "type": "github"
      }
    },
    "flakelight": {
      "inputs": {
        "nixpkgs": [
          "diffsoup",
          "nixpkgs"
        ]
      },
      "locked": {
        "lastModified": 1774878311,
        "narHash": "sha256-Ou5sDaR9GydAbxJYY50fqaFYYQCwUMOwSOdTBcgy47g=",
        "owner": "nix-community",
        "repo": "flakelight",
        "rev": "06ee2d1a00324727c75f1c279c4ede0d871d110d",
        "type": "github"
      },
      "original": {
        "owner": "nix-community",
        "repo": "flakelight",
        "type": "github"
      }
    },
    "nixpkgs": {
      "locked": {
        "lastModified": 1781577229,
        "narHash": "sha256-lrp67w8AulE9Ks53n27I45ADSzbOCn4H+CNW1Ck8B+8=",
        "owner": "NixOS",
        "repo": "nixpkgs",
        "rev": "567a49d1913ce81ac6e9582e3553dd90a955875f",
        "type": "github"
      },
      "original": {
        "owner": "NixOS",
        "ref": "nixos-unstable",
        "repo": "nixpkgs",
        "type": "github"
      }
    },
    "root": {
      "inputs": {
        "diffsoup": "diffsoup",
        "nixpkgs": "nixpkgs"
      }
    }
  },
  "root": "root",
  "version": 7
}
