{
  "nodes": {
    "diffsoup": {
      "inputs": {
        "flakelight": "flakelight",
        "nixpkgs": [
          "nixpkgs"
        ]
      },
      "locked": {
        "lastModified": 1775215788,
        "narHash": "sha256-JHE3drxo4ctLMAMJIUaDXH6RXFaf7tgdch+UFWzkuzM=",
        "owner": "junglerobba",
        "repo": "diffsoup",
        "rev": "7d0ab819f4abe596bc4ad9f19cd0c5618c33d14f",
        "type": "github"
      },
      "original": {
        "owner": "junglerobba",
        "repo": "diffsoup",
        "type": "github"
      }
    },
    "flakelight": {
      "inputs": {
        "nixpkgs": [
          "diffsoup",
          "nixpkgs"
        ]
      },
      "locked": {
        "lastModified": 1774878311,
        "narHash": "sha256-Ou5sDaR9GydAbxJYY50fqaFYYQCwUMOwSOdTBcgy47g=",
        "owner": "nix-community",
        "repo": "flakelight",
        "rev": "06ee2d1a00324727c75f1c279c4ede0d871d110d",
        "type": "github"
      },
      "original": {
        "owner": "nix-community",
        "repo": "flakelight",
        "type": "github"
      }
    },
    "nixpkgs": {
      "locked": {
        "lastModified": 1780749050,
        "narHash": "sha256-3av0pIjlOWQ6rDbNOmpUSvbNnJkGORQKKjb4LtCZsIY=",
        "owner": "NixOS",
        "repo": "nixpkgs",
        "rev": "a799d3e3886da994fa307f817a6bc705ae538eeb",
        "type": "github"
      },
      "original": {
        "owner": "NixOS",
        "ref": "nixos-unstable",
        "repo": "nixpkgs",
        "type": "github"
      }
    },
    "root": {
      "inputs": {
        "diffsoup": "diffsoup",
        "nixpkgs": "nixpkgs"
      }
    }
  },
  "root": "root",
  "version": 7
}
